{
  "name": "@electorrent/node-rtorrent",
  "version": "1.0.7",
  "lockfileVersion": 1,
  "requires": true,
  "dependencies": {
    "@electorrent/xmlrpc": {
      "version": "1.4.0",
      "resolved": "https://registry.npmjs.org/@electorrent/xmlrpc/-/xmlrpc-1.4.0.tgz",
      "integrity": "sha512-0M5vqBNWD62tl4KysPzdZCtJLbeppBVeOQ5oHl/6WZS+7UqdfO70gymJsgPkYh6TPWWlHH3TZ3gw4j/ICgqoWQ==",
      "requires": {
        "sax": "1.2.x",
        "www-authenticate": "^0.6.2",
        "xmlbuilder": "8.2.x"
      }
    },
    "sax": {
      "version": "1.2.4",
      "resolved": "https://registry.npmjs.org/sax/-/sax-1.2.4.tgz",
      "integrity": "sha512-NqVDv9TpANUjFm0N8uM5GxL36UgKi9/atZw+x7YFnQ8ckwFGKrl4xX4yWtrey3UJm5nP1kUbnYgLopqWNSRhWw=="
    },
    "www-authenticate": {
      "version": "0.6.2",
      "resolved": "https://registry.npmjs.org/www-authenticate/-/www-authenticate-0.6.2.tgz",
      "integrity": "sha1-t6fUh73FqLQjpNj9X5xmGt3lDr8="
    },
    "xmlbuilder": {
      "version": "8.2.2",
      "resolved": "https://registry.npmjs.org/xmlbuilder/-/xmlbuilder-8.2.2.tgz",
      "integrity": "sha1-aSSGc0ELS6QuGmE2VR0pIjNap3M="
    }
  }
}
